
Microsoft Visual Studio Solution File, Format Version 12.00
# Visual Studio Version 17
VisualStudioVersion = 17.14.36202.13 d17.14
MinimumVisualStudioVersion = 10.0.40219.1
Project("{FAE04EC0-301F-11D3-BF4B-00C04F79EFBC}") = "TVBroad", "TVBroad.csproj", "{1A79FB8E-4199-4ABB-8AF4-CF824A13C29B}"
EndProject
Project("{FAE04EC0-301F-11D3-BF4B-00C04F79EFBC}") = "TVBroad.Domain", "..\TVBroad.Domain\TVBroad.Domain.csproj", "{80C44CA6-12AE-432B-BE6A-9DF7DADE0BE4}"
EndProject
Project("{FAE04EC0-301F-11D3-BF4B-00C04F79EFBC}") = "TVBroad.DataAccess", "..\TVBroad.DataAccess\TVBroad.DataAccess.csproj", "{EB4C0205-C7B2-4331-9417-F5C46BBF55D5}"
EndProject
Project("{FAE04EC0-301F-11D3-BF4B-00C04F79EFBC}") = "TVBroad.Services", "..\TVBroad.Services\TVBroad.Services.csproj", "{C6C0B29E-744D-4294-BFE4-BD22171AB718}"
EndProject
Global
	GlobalSection(SolutionConfigurationPlatforms) = preSolution
		Debug|Any CPU = Debug|Any CPU
		Release|Any CPU = Release|Any CPU
	EndGlobalSection
	GlobalSection(ProjectConfigurationPlatforms) = postSolution
		{1A79FB8E-4199-4ABB-8AF4-CF824A13C29B}.Debug|Any CPU.ActiveCfg = Debug|Any CPU
		{1A79FB8E-4199-4ABB-8AF4-CF824A13C29B}.Debug|Any CPU.Build.0 = Debug|Any CPU
		{1A79FB8E-4199-4ABB-8AF4-CF824A13C29B}.Release|Any CPU.ActiveCfg = Release|Any CPU
		{1A79FB8E-4199-4ABB-8AF4-CF824A13C29B}.Release|Any CPU.Build.0 = Release|Any CPU
		{80C44CA6-12AE-432B-BE6A-9DF7DADE0BE4}.Debug|Any CPU.ActiveCfg = Debug|Any CPU
		{80C44CA6-12AE-432B-BE6A-9DF7DADE0BE4}.Debug|Any CPU.Build.0 = Debug|Any CPU
		{80C44CA6-12AE-432B-BE6A-9DF7DADE0BE4}.Release|Any CPU.ActiveCfg = Release|Any CPU
		{80C44CA6-12AE-432B-BE6A-9DF7DADE0BE4}.Release|Any CPU.Build.0 = Release|Any CPU
		{EB4C0205-C7B2-4331-9417-F5C46BBF55D5}.Debug|Any CPU.ActiveCfg = Debug|Any CPU
		{EB4C0205-C7B2-4331-9417-F5C46BBF55D5}.Debug|Any CPU.Build.0 = Debug|Any CPU
		{EB4C0205-C7B2-4331-9417-F5C46BBF55D5}.Release|Any CPU.ActiveCfg = Release|Any CPU
		{EB4C0205-C7B2-4331-9417-F5C46BBF55D5}.Release|Any CPU.Build.0 = Release|Any CPU
		{C6C0B29E-744D-4294-BFE4-BD22171AB718}.Debug|Any CPU.ActiveCfg = Debug|Any CPU
		{C6C0B29E-744D-4294-BFE4-BD22171AB718}.Debug|Any CPU.Build.0 = Debug|Any CPU
		{C6C0B29E-744D-4294-BFE4-BD22171AB718}.Release|Any CPU.ActiveCfg = Release|Any CPU
		{C6C0B29E-744D-4294-BFE4-BD22171AB718}.Release|Any CPU.Build.0 = Release|Any CPU
	EndGlobalSection
	GlobalSection(SolutionProperties) = preSolution
		HideSolutionNode = FALSE
	EndGlobalSection
	GlobalSection(ExtensibilityGlobals) = postSolution
		SolutionGuid = {ADE2279D-1BE2-4F8B-A548-92172D08652C}
	EndGlobalSection
EndGlobal
